Microsoft Visual Studio Solution File, Format Version 12.00
# Visual Studio Version 17
VisualStudioVersion = 17.5.2.0
MinimumVisualStudioVersion = 10.0.40219.1
Project("{2150E333-8FDC-42A3-9474-1A3956D46DE8}") = "2 - Feb", "2 - Feb", "{AAF7884D-4F87-6FB8-212E-44AAFE4CD233}"
EndProject
Project("{2150E333-8FDC-42A3-9474-1A3956D46DE8}") = "20", "20", "{53FDCDBF-6AEC-B96F-117E-A4F14169EA30}"
EndProject
Project("{FAE04EC0-301F-11D3-BF4B-00C04F79EFBC}") = "yo-app", "2 - Feb\20\yo-app\yo-app.csproj", "{596928F6-61B9-3062-499C-E499C2AEE566}"
EndProject
Global
	GlobalSection(SolutionConfigurationPlatforms) = preSolution
		Debug|Any CPU = Debug|Any CPU
		Release|Any CPU = Release|Any CPU
	EndGlobalSection
	GlobalSection(ProjectConfigurationPlatforms) = postSolution
		{596928F6-61B9-3062-499C-E499C2AEE566}.Debug|Any CPU.ActiveCfg = Debug|Any CPU
		{596928F6-61B9-3062-499C-E499C2AEE566}.Debug|Any CPU.Build.0 = Debug|Any CPU
		{596928F6-61B9-3062-499C-E499C2AEE566}.Release|Any CPU.ActiveCfg = Release|Any CPU
		{596928F6-61B9-3062-499C-E499C2AEE566}.Release|Any CPU.Build.0 = Release|Any CPU
	EndGlobalSection
	GlobalSection(SolutionProperties) = preSolution
		HideSolutionNode = FALSE
	EndGlobalSection
	GlobalSection(NestedProjects) = preSolution
		{53FDCDBF-6AEC-B96F-117E-A4F14169EA30} = {AAF7884D-4F87-6FB8-212E-44AAFE4CD233}
		{596928F6-61B9-3062-499C-E499C2AEE566} = {53FDCDBF-6AEC-B96F-117E-A4F14169EA30}
	EndGlobalSection
	GlobalSection(ExtensibilityGlobals) = postSolution
		SolutionGuid = {6E707073-91AF-4E6F-ADCD-9F31BF302066}
	EndGlobalSection
EndGlobal
